
Microsoft Visual Studio Solution File, Format Version 12.00
# Visual Studio Version 16
VisualStudioVersion = 16.0.32630.194
MinimumVisualStudioVersion = 10.0.40219.1
Project("{FAE04EC0-301F-11D3-BF4B-00C04F79EFBC}") = "MarsRover", "MarsRover.csproj", "{A3F15EAB-201C-44F2-A66D-3DD54FC5348E}"
EndProject
Project("{FAE04EC0-301F-11D3-BF4B-00C04F79EFBC}") = "MarsRoverTester", "..\MarsRoverTester\MarsRoverTester.csproj", "{1A536F5C-557A-4171-949D-3F8AF8E0BBB6}"
EndProject
Global
	GlobalSection(SolutionConfigurationPlatforms) = preSolution
		Debug|Any CPU = Debug|Any CPU
		Release|Any CPU = Release|Any CPU
	EndGlobalSection
	GlobalSection(ProjectConfigurationPlatforms) = postSolution
		{A3F15EAB-201C-44F2-A66D-3DD54FC5348E}.Debug|Any CPU.ActiveCfg = Debug|Any CPU
		{A3F15EAB-201C-44F2-A66D-3DD54FC5348E}.Debug|Any CPU.Build.0 = Debug|Any CPU
		{A3F15EAB-201C-44F2-A66D-3DD54FC5348E}.Release|Any CPU.ActiveCfg = Release|Any CPU
		{A3F15EAB-201C-44F2-A66D-3DD54FC5348E}.Release|Any CPU.Build.0 = Release|Any CPU
		{1A536F5C-557A-4171-949D-3F8AF8E0BBB6}.Debug|Any CPU.ActiveCfg = Debug|Any CPU
		{1A536F5C-557A-4171-949D-3F8AF8E0BBB6}.Debug|Any CPU.Build.0 = Debug|Any CPU
		{1A536F5C-557A-4171-949D-3F8AF8E0BBB6}.Release|Any CPU.ActiveCfg = Release|Any CPU
		{1A536F5C-557A-4171-949D-3F8AF8E0BBB6}.Release|Any CPU.Build.0 = Release|Any CPU
	EndGlobalSection
	GlobalSection(SolutionProperties) = preSolution
		HideSolutionNode = FALSE
	EndGlobalSection
	GlobalSection(ExtensibilityGlobals) = postSolution
		SolutionGuid = {7EC8944A-B8AE-4A27-9985-0B0700B4EFE6}
	EndGlobalSection
EndGlobal
